
Microsoft Visual Studio Solution File, Format Version 12.00
# Visual Studio 15
VisualStudioVersion = 15.0.27703.2047
MinimumVisualStudioVersion = 10.0.40219.1
Project("{FAE04EC0-301F-11D3-BF4B-00C04F79EFBC}") = "ArrayLesson", "ArrayLesson\ArrayLesson.csproj", "{0A276658-5F97-4F5F-9818-6E23DACA20DD}"
EndProject
Global
	GlobalSection(SolutionConfigurationPlatforms) = preSolution
		Debug|Any CPU = Debug|Any CPU
		Release|Any CPU = Release|Any CPU
	EndGlobalSection
	GlobalSection(ProjectConfigurationPlatforms) = postSolution
		{0A276658-5F97-4F5F-9818-6E23DACA20DD}.Debug|Any CPU.ActiveCfg = Debug|Any CPU
		{0A276658-5F97-4F5F-9818-6E23DACA20DD}.Debug|Any CPU.Build.0 = Debug|Any CPU
		{0A276658-5F97-4F5F-9818-6E23DACA20DD}.Release|Any CPU.ActiveCfg = Release|Any CPU
		{0A276658-5F97-4F5F-9818-6E23DACA20DD}.Release|Any CPU.Build.0 = Release|Any CPU
	EndGlobalSection
	GlobalSection(SolutionProperties) = preSolution
		HideSolutionNode = FALSE
	EndGlobalSection
	GlobalSection(ExtensibilityGlobals) = postSolution
		SolutionGuid = {423C9EC1-8CC0-4DE4-A04D-65FC74CD6816}
	EndGlobalSection
EndGlobal
